
Microsoft Visual Studio Solution File, Format Version 12.00
# Visual Studio 15
VisualStudioVersion = 15.0.27130.2027
MinimumVisualStudioVersion = 10.0.40219.1
Project("{FAE04EC0-301F-11D3-BF4B-00C04F79EFBC}") = "Cars", "Cars\Cars.csproj", "{648E538C-F65E-4BCF-A363-CD555D435D5A}"
EndProject
Global
	GlobalSection(SolutionConfigurationPlatforms) = preSolution
		Debug|Any CPU = Debug|Any CPU
		Release|Any CPU = Release|Any CPU
	EndGlobalSection
	GlobalSection(ProjectConfigurationPlatforms) = postSolution
		{648E538C-F65E-4BCF-A363-CD555D435D5A}.Debug|Any CPU.ActiveCfg = Debug|Any CPU
		{648E538C-F65E-4BCF-A363-CD555D435D5A}.Debug|Any CPU.Build.0 = Debug|Any CPU
		{648E538C-F65E-4BCF-A363-CD555D435D5A}.Release|Any CPU.ActiveCfg = Release|Any CPU
		{648E538C-F65E-4BCF-A363-CD555D435D5A}.Release|Any CPU.Build.0 = Release|Any CPU
	EndGlobalSection
	GlobalSection(SolutionProperties) = preSolution
		HideSolutionNode = FALSE
	EndGlobalSection
	GlobalSection(ExtensibilityGlobals) = postSolution
		SolutionGuid = {34BACB6E-5424-4E42-A52C-44643A129AC2}
	EndGlobalSection
EndGlobal
