
Microsoft Visual Studio Solution File, Format Version 12.00
# Visual Studio 15
VisualStudioVersion = 15.0.27130.2027
MinimumVisualStudioVersion = 10.0.40219.1
Project("{FAE04EC0-301F-11D3-BF4B-00C04F79EFBC}") = "Astero1d", "Astero1d\Astero1d.csproj", "{9869319F-3233-4FB6-ACDF-6C552E9DDFA8}"
EndProject
Global
	GlobalSection(SolutionConfigurationPlatforms) = preSolution
		Debug|Any CPU = Debug|Any CPU
		Release|Any CPU = Release|Any CPU
	EndGlobalSection
	GlobalSection(ProjectConfigurationPlatforms) = postSolution
		{9869319F-3233-4FB6-ACDF-6C552E9DDFA8}.Debug|Any CPU.ActiveCfg = Debug|Any CPU
		{9869319F-3233-4FB6-ACDF-6C552E9DDFA8}.Debug|Any CPU.Build.0 = Debug|Any CPU
		{9869319F-3233-4FB6-ACDF-6C552E9DDFA8}.Release|Any CPU.ActiveCfg = Release|Any CPU
		{9869319F-3233-4FB6-ACDF-6C552E9DDFA8}.Release|Any CPU.Build.0 = Release|Any CPU
	EndGlobalSection
	GlobalSection(SolutionProperties) = preSolution
		HideSolutionNode = FALSE
	EndGlobalSection
	GlobalSection(ExtensibilityGlobals) = postSolution
		SolutionGuid = {9249C348-B805-4999-BB6E-BF09A07B3C8F}
	EndGlobalSection
EndGlobal
