
Microsoft Visual Studio Solution File, Format Version 12.00
# Visual Studio 15
VisualStudioVersion = 15.0.27130.2027
MinimumVisualStudioVersion = 10.0.40219.1
Project("{FAE04EC0-301F-11D3-BF4B-00C04F79EFBC}") = "Shape", "Shape\Shape.csproj", "{2143CF4E-D772-40A6-B215-2D0ADEACEB96}"
EndProject
Global
	GlobalSection(SolutionConfigurationPlatforms) = preSolution
		Debug|Any CPU = Debug|Any CPU
		Release|Any CPU = Release|Any CPU
	EndGlobalSection
	GlobalSection(ProjectConfigurationPlatforms) = postSolution
		{2143CF4E-D772-40A6-B215-2D0ADEACEB96}.Debug|Any CPU.ActiveCfg = Debug|Any CPU
		{2143CF4E-D772-40A6-B215-2D0ADEACEB96}.Debug|Any CPU.Build.0 = Debug|Any CPU
		{2143CF4E-D772-40A6-B215-2D0ADEACEB96}.Release|Any CPU.ActiveCfg = Release|Any CPU
		{2143CF4E-D772-40A6-B215-2D0ADEACEB96}.Release|Any CPU.Build.0 = Release|Any CPU
	EndGlobalSection
	GlobalSection(SolutionProperties) = preSolution
		HideSolutionNode = FALSE
	EndGlobalSection
	GlobalSection(ExtensibilityGlobals) = postSolution
		SolutionGuid = {4330BE6A-E7C3-4A28-BBB3-8AE4211A25F7}
	EndGlobalSection
EndGlobal
