
Microsoft Visual Studio Solution File, Format Version 12.00
# Visual Studio 15
VisualStudioVersion = 15.0.27130.2027
MinimumVisualStudioVersion = 10.0.40219.1
Project("{FAE04EC0-301F-11D3-BF4B-00C04F79EFBC}") = "Font", "Font\Font.csproj", "{BAFC74E3-5560-4CD2-BAA0-109DE89AD5AF}"
EndProject
Global
	GlobalSection(SolutionConfigurationPlatforms) = preSolution
		Debug|Any CPU = Debug|Any CPU
		Release|Any CPU = Release|Any CPU
	EndGlobalSection
	GlobalSection(ProjectConfigurationPlatforms) = postSolution
		{BAFC74E3-5560-4CD2-BAA0-109DE89AD5AF}.Debug|Any CPU.ActiveCfg = Debug|Any CPU
		{BAFC74E3-5560-4CD2-BAA0-109DE89AD5AF}.Debug|Any CPU.Build.0 = Debug|Any CPU
		{BAFC74E3-5560-4CD2-BAA0-109DE89AD5AF}.Release|Any CPU.ActiveCfg = Release|Any CPU
		{BAFC74E3-5560-4CD2-BAA0-109DE89AD5AF}.Release|Any CPU.Build.0 = Release|Any CPU
	EndGlobalSection
	GlobalSection(SolutionProperties) = preSolution
		HideSolutionNode = FALSE
	EndGlobalSection
	GlobalSection(ExtensibilityGlobals) = postSolution
		SolutionGuid = {80EFD08D-2797-4EE1-805C-4C47E217050F}
	EndGlobalSection
EndGlobal
