
Microsoft Visual Studio Solution File, Format Version 12.00
# Visual Studio 15
VisualStudioVersion = 15.0.27130.2027
MinimumVisualStudioVersion = 10.0.40219.1
Project("{FAE04EC0-301F-11D3-BF4B-00C04F79EFBC}") = "acmp672", "acmp672\acmp672.csproj", "{8FD73CE0-2881-44CF-B713-AF104F946BD6}"
EndProject
Global
	GlobalSection(SolutionConfigurationPlatforms) = preSolution
		Debug|Any CPU = Debug|Any CPU
		Release|Any CPU = Release|Any CPU
	EndGlobalSection
	GlobalSection(ProjectConfigurationPlatforms) = postSolution
		{8FD73CE0-2881-44CF-B713-AF104F946BD6}.Debug|Any CPU.ActiveCfg = Debug|Any CPU
		{8FD73CE0-2881-44CF-B713-AF104F946BD6}.Debug|Any CPU.Build.0 = Debug|Any CPU
		{8FD73CE0-2881-44CF-B713-AF104F946BD6}.Release|Any CPU.ActiveCfg = Release|Any CPU
		{8FD73CE0-2881-44CF-B713-AF104F946BD6}.Release|Any CPU.Build.0 = Release|Any CPU
	EndGlobalSection
	GlobalSection(SolutionProperties) = preSolution
		HideSolutionNode = FALSE
	EndGlobalSection
	GlobalSection(ExtensibilityGlobals) = postSolution
		SolutionGuid = {D86487BC-8C64-42A0-8F19-B96E305D05DA}
	EndGlobalSection
EndGlobal
