
Microsoft Visual Studio Solution File, Format Version 12.00
# Visual Studio 15
VisualStudioVersion = 15.0.27130.2027
MinimumVisualStudioVersion = 10.0.40219.1
Project("{FAE04EC0-301F-11D3-BF4B-00C04F79EFBC}") = "KorobkiSNeba", "KorobkiSNeba\KorobkiSNeba.csproj", "{34BBFE7E-A0AA-497F-B062-5A7870741C50}"
EndProject
Global
	GlobalSection(SolutionConfigurationPlatforms) = preSolution
		Debug|Any CPU = Debug|Any CPU
		Release|Any CPU = Release|Any CPU
	EndGlobalSection
	GlobalSection(ProjectConfigurationPlatforms) = postSolution
		{34BBFE7E-A0AA-497F-B062-5A7870741C50}.Debug|Any CPU.ActiveCfg = Debug|Any CPU
		{34BBFE7E-A0AA-497F-B062-5A7870741C50}.Debug|Any CPU.Build.0 = Debug|Any CPU
		{34BBFE7E-A0AA-497F-B062-5A7870741C50}.Release|Any CPU.ActiveCfg = Release|Any CPU
		{34BBFE7E-A0AA-497F-B062-5A7870741C50}.Release|Any CPU.Build.0 = Release|Any CPU
	EndGlobalSection
	GlobalSection(SolutionProperties) = preSolution
		HideSolutionNode = FALSE
	EndGlobalSection
	GlobalSection(ExtensibilityGlobals) = postSolution
		SolutionGuid = {8C224DCA-FDF1-4CBB-9821-5B35FCA66BA1}
	EndGlobalSection
EndGlobal
